// !$*UTF8*$!
{
	archiveVersion = 1;
	classes = {
	};
	objectVersion = 56;
	objects = {

/* Begin PBXBuildFile section */
		639178E52B8F998A00CFA60C /* activeChats.json in Resources */ = {isa = PBXBuildFile; fileRef = 639178E42B8F998A00CFA60C /* activeChats.json */; };
		639178E72B8F99A000CFA60C /* waitingChats.json in Resources */ = {isa = PBXBuildFile; fileRef = 639178E62B8F99A000CFA60C /* waitingChats.json */; };
		639178E92B8F99E900CFA60C /* Bundle-Decodable.swift in Sources */ = {isa = PBXBuildFile; fileRef = 639178E82B8F99E900CFA60C /* Bundle-Decodable.swift */; };
		63C980CA2B8C83DF0094CD94 /* SignUpViewController.swift in Sources */ = {isa = PBXBuildFile; fileRef = 63C980C92B8C83DF0094CD94 /* SignUpViewController.swift */; };
		63C980CC2B8C86740094CD94 /* OneLineTextField.swift in Sources */ = {isa = PBXBuildFile; fileRef = 63C980CB2B8C86740094CD94 /* OneLineTextField.swift */; };
		63C980CE2B8C95A30094CD94 /* LoginViewController.swift in Sources */ = {isa = PBXBuildFile; fileRef = 63C980CD2B8C95A30094CD94 /* LoginViewController.swift */; };
		63C980D02B8C9B440094CD94 /* SetupProfileViewController.swift in Sources */ = {isa = PBXBuildFile; fileRef = 63C980CF2B8C9B440094CD94 /* SetupProfileViewController.swift */; };
		63C980D22B8C9D880094CD94 /* AddPhotoView.swift in Sources */ = {isa = PBXBuildFile; fileRef = 63C980D12B8C9D880094CD94 /* AddPhotoView.swift */; };
		63C980D42B8CA3B20094CD94 /* SegmentedControl + extension.swift in Sources */ = {isa = PBXBuildFile; fileRef = 63C980D32B8CA3B20094CD94 /* SegmentedControl + extension.swift */; };
		63C980D62B8CAEE10094CD94 /* ListViewController.swift in Sources */ = {isa = PBXBuildFile; fileRef = 63C980D52B8CAEE10094CD94 /* ListViewController.swift */; };
		63C980DA2B8CAF7E0094CD94 /* MainTabBarController.swift in Sources */ = {isa = PBXBuildFile; fileRef = 63C980D92B8CAF7E0094CD94 /* MainTabBarController.swift */; };
		63C980DC2B8CAFB50094CD94 /* PeopleViewController.swift in Sources */ = {isa = PBXBuildFile; fileRef = 63C980DB2B8CAFB50094CD94 /* PeopleViewController.swift */; };
		63F824602B89FEE1008DE01F /* AppDelegate.swift in Sources */ = {isa = PBXBuildFile; fileRef = 63F8245F2B89FEE1008DE01F /* AppDelegate.swift */; };
		63F824622B89FEE1008DE01F /* SceneDelegate.swift in Sources */ = {isa = PBXBuildFile; fileRef = 63F824612B89FEE1008DE01F /* SceneDelegate.swift */; };
		63F824642B89FEE1008DE01F /* AuthViewController.swift in Sources */ = {isa = PBXBuildFile; fileRef = 63F824632B89FEE1008DE01F /* AuthViewController.swift */; };
		63F824692B89FEE3008DE01F /* Assets.xcassets in Resources */ = {isa = PBXBuildFile; fileRef = 63F824682B89FEE3008DE01F /* Assets.xcassets */; };
		63F8246C2B89FEE3008DE01F /* LaunchScreen.storyboard in Resources */ = {isa = PBXBuildFile; fileRef = 63F8246A2B89FEE3008DE01F /* LaunchScreen.storyboard */; };
		63F824742B8A0424008DE01F /* UIButton + Extension.swift in Sources */ = {isa = PBXBuildFile; fileRef = 63F824732B8A0424008DE01F /* UIButton + Extension.swift */; };
		63F824762B8A0620008DE01F /* UIFont + Extension.swift in Sources */ = {isa = PBXBuildFile; fileRef = 63F824752B8A0620008DE01F /* UIFont + Extension.swift */; };
		63F824782B8A06CF008DE01F /* UIColor + Extension.swift in Sources */ = {isa = PBXBuildFile; fileRef = 63F824772B8A06CF008DE01F /* UIColor + Extension.swift */; };
		63F8247A2B8A08C8008DE01F /* UILabel + extension.swift in Sources */ = {isa = PBXBuildFile; fileRef = 63F824792B8A08C8008DE01F /* UILabel + extension.swift */; };
		63F8247C2B8A0987008DE01F /* UIImageView + extension.swift in Sources */ = {isa = PBXBuildFile; fileRef = 63F8247B2B8A0987008DE01F /* UIImageView + extension.swift */; };
		63F824802B8A0CED008DE01F /* ButtonFormView.swift in Sources */ = {isa = PBXBuildFile; fileRef = 63F8247F2B8A0CED008DE01F /* ButtonFormView.swift */; };
		63F824822B8A10DF008DE01F /* StackView + extension.swift in Sources */ = {isa = PBXBuildFile; fileRef = 63F824812B8A10DF008DE01F /* StackView + extension.swift */; };
/* End PBXBuildFile section */

/* Begin PBXFileReference section */
		639178E42B8F998A00CFA60C /* activeChats.json */ = {isa = PBXFileReference; fileEncoding = 4; lastKnownFileType = text.json; path = activeChats.json; sourceTree = "<group>"; };
		639178E62B8F99A000CFA60C /* waitingChats.json */ = {isa = PBXFileReference; fileEncoding = 4; lastKnownFileType = text.json; path = waitingChats.json; sourceTree = "<group>"; };
		639178E82B8F99E900CFA60C /* Bundle-Decodable.swift */ = {isa = PBXFileReference; fileEncoding = 4; lastKnownFileType = sourcecode.swift; path = "Bundle-Decodable.swift"; sourceTree = "<group>"; };
		63C980C92B8C83DF0094CD94 /* SignUpViewController.swift */ = {isa = PBXFileReference; lastKnownFileType = sourcecode.swift; path = SignUpViewController.swift; sourceTree = "<group>"; };
		63C980CB2B8C86740094CD94 /* OneLineTextField.swift */ = {isa = PBXFileReference; lastKnownFileType = sourcecode.swift; path = OneLineTextField.swift; sourceTree = "<group>"; };
		63C980CD2B8C95A30094CD94 /* LoginViewController.swift */ = {isa = PBXFileReference; lastKnownFileType = sourcecode.swift; path = LoginViewController.swift; sourceTree = "<group>"; };
		63C980CF2B8C9B440094CD94 /* SetupProfileViewController.swift */ = {isa = PBXFileReference; lastKnownFileType = sourcecode.swift; path = SetupProfileViewController.swift; sourceTree = "<group>"; };
		63C980D12B8C9D880094CD94 /* AddPhotoView.swift */ = {isa = PBXFileReference; lastKnownFileType = sourcecode.swift; path = AddPhotoView.swift; sourceTree = "<group>"; };
		63C980D32B8CA3B20094CD94 /* SegmentedControl + extension.swift */ = {isa = PBXFileReference; lastKnownFileType = sourcecode.swift; path = "SegmentedControl + extension.swift"; sourceTree = "<group>"; };
		63C980D52B8CAEE10094CD94 /* ListViewController.swift */ = {isa = PBXFileReference; lastKnownFileType = sourcecode.swift; path = ListViewController.swift; sourceTree = "<group>"; };
		63C980D92B8CAF7E0094CD94 /* MainTabBarController.swift */ = {isa = PBXFileReference; lastKnownFileType = sourcecode.swift; path = MainTabBarController.swift; sourceTree = "<group>"; };
		63C980DB2B8CAFB50094CD94 /* PeopleViewController.swift */ = {isa = PBXFileReference; lastKnownFileType = sourcecode.swift; path = PeopleViewController.swift; sourceTree = "<group>"; };
		63F8245C2B89FEE1008DE01F /* ChatApp.app */ = {isa = PBXFileReference; explicitFileType = wrapper.application; includeInIndex = 0; path = ChatApp.app; sourceTree = BUILT_PRODUCTS_DIR; };
		63F8245F2B89FEE1008DE01F /* AppDelegate.swift */ = {isa = PBXFileReference; lastKnownFileType = sourcecode.swift; path = AppDelegate.swift; sourceTree = "<group>"; };
		63F824612B89FEE1008DE01F /* SceneDelegate.swift */ = {isa = PBXFileReference; lastKnownFileType = sourcecode.swift; path = SceneDelegate.swift; sourceTree = "<group>"; };
		63F824632B89FEE1008DE01F /* AuthViewController.swift */ = {isa = PBXFileReference; lastKnownFileType = sourcecode.swift; path = AuthViewController.swift; sourceTree = "<group>"; };
		63F824682B89FEE3008DE01F /* Assets.xcassets */ = {isa = PBXFileReference; lastKnownFileType = folder.assetcatalog; path = Assets.xcassets; sourceTree = "<group>"; };
		63F8246B2B89FEE3008DE01F /* Base */ = {isa = PBXFileReference; lastKnownFileType = file.storyboard; name = Base; path = Base.lproj/LaunchScreen.storyboard; sourceTree = "<group>"; };
		63F8246D2B89FEE3008DE01F /* Info.plist */ = {isa = PBXFileReference; lastKnownFileType = text.plist.xml; path = Info.plist; sourceTree = "<group>"; };
		63F824732B8A0424008DE01F /* UIButton + Extension.swift */ = {isa = PBXFileReference; lastKnownFileType = sourcecode.swift; path = "UIButton + Extension.swift"; sourceTree = "<group>"; };
		63F824752B8A0620008DE01F /* UIFont + Extension.swift */ = {isa = PBXFileReference; lastKnownFileType = sourcecode.swift; path = "UIFont + Extension.swift"; sourceTree = "<group>"; };
		63F824772B8A06CF008DE01F /* UIColor + Extension.swift */ = {isa = PBXFileReference; lastKnownFileType = sourcecode.swift; path = "UIColor + Extension.swift"; sourceTree = "<group>"; };
		63F824792B8A08C8008DE01F /* UILabel + extension.swift */ = {isa = PBXFileReference; lastKnownFileType = sourcecode.swift; path = "UILabel + extension.swift"; sourceTree = "<group>"; };
		63F8247B2B8A0987008DE01F /* UIImageView + extension.swift */ = {isa = PBXFileReference; lastKnownFileType = sourcecode.swift; path = "UIImageView + extension.swift"; sourceTree = "<group>"; };
		63F8247F2B8A0CED008DE01F /* ButtonFormView.swift */ = {isa = PBXFileReference; lastKnownFileType = sourcecode.swift; path = ButtonFormView.swift; sourceTree = "<group>"; };
		63F824812B8A10DF008DE01F /* StackView + extension.swift */ = {isa = PBXFileReference; lastKnownFileType = sourcecode.swift; path = "StackView + extension.swift"; sourceTree = "<group>"; };
/* End PBXFileReference section */

/* Begin PBXFrameworksBuildPhase section */
		63F824592B89FEE0008DE01F /* Frameworks */ = {
			isa = PBXFrameworksBuildPhase;
			buildActionMask = 2147483647;
			files = (
			);
			runOnlyForDeploymentPostprocessing = 0;
		};
/* End PBXFrameworksBuildPhase section */

/* Begin PBXGroup section */
		63C980D72B8CAF490094CD94 /* SignIn&Auth */ = {
			isa = PBXGroup;
			children = (
				63F824632B89FEE1008DE01F /* AuthViewController.swift */,
				63C980C92B8C83DF0094CD94 /* SignUpViewController.swift */,
				63C980CD2B8C95A30094CD94 /* LoginViewController.swift */,
				63C980CF2B8C9B440094CD94 /* SetupProfileViewController.swift */,
			);
			path = "SignIn&Auth";
			sourceTree = "<group>";
		};
		63C980D82B8CAF5D0094CD94 /* Controllers */ = {
			isa = PBXGroup;
			children = (
				63C980D92B8CAF7E0094CD94 /* MainTabBarController.swift */,
				63C980D52B8CAEE10094CD94 /* ListViewController.swift */,
				63C980DB2B8CAFB50094CD94 /* PeopleViewController.swift */,
			);
			path = Controllers;
			sourceTree = "<group>";
		};
		63F824532B89FEE0008DE01F = {
			isa = PBXGroup;
			children = (
				63F8245E2B89FEE1008DE01F /* ChatApp */,
				63F8245D2B89FEE1008DE01F /* Products */,
			);
			sourceTree = "<group>";
		};
		63F8245D2B89FEE1008DE01F /* Products */ = {
			isa = PBXGroup;
			children = (
				63F8245C2B89FEE1008DE01F /* ChatApp.app */,
			);
			name = Products;
			sourceTree = "<group>";
		};
		63F8245E2B89FEE1008DE01F /* ChatApp */ = {
			isa = PBXGroup;
			children = (
				63F8245F2B89FEE1008DE01F /* AppDelegate.swift */,
				63F824612B89FEE1008DE01F /* SceneDelegate.swift */,
				63C980D82B8CAF5D0094CD94 /* Controllers */,
				63C980D72B8CAF490094CD94 /* SignIn&Auth */,
				63F8247E2B8A0B85008DE01F /* Extensions */,
				63F824682B89FEE3008DE01F /* Assets.xcassets */,
				63F8246A2B89FEE3008DE01F /* LaunchScreen.storyboard */,
				63F8246D2B89FEE3008DE01F /* Info.plist */,
			);
			path = ChatApp;
			sourceTree = "<group>";
		};
		63F8247D2B8A0B78008DE01F /* UIKit */ = {
			isa = PBXGroup;
			children = (
				63F824732B8A0424008DE01F /* UIButton + Extension.swift */,
				63F824792B8A08C8008DE01F /* UILabel + extension.swift */,
				63F8247B2B8A0987008DE01F /* UIImageView + extension.swift */,
				63F824752B8A0620008DE01F /* UIFont + Extension.swift */,
				63F824772B8A06CF008DE01F /* UIColor + Extension.swift */,
				63F824812B8A10DF008DE01F /* StackView + extension.swift */,
				63C980D32B8CA3B20094CD94 /* SegmentedControl + extension.swift */,
				639178E42B8F998A00CFA60C /* activeChats.json */,
				639178E62B8F99A000CFA60C /* waitingChats.json */,
			);
			path = UIKit;
			sourceTree = "<group>";
		};
		63F8247E2B8A0B85008DE01F /* Extensions */ = {
			isa = PBXGroup;
			children = (
				63F8247F2B8A0CED008DE01F /* ButtonFormView.swift */,
				63C980CB2B8C86740094CD94 /* OneLineTextField.swift */,
				63C980D12B8C9D880094CD94 /* AddPhotoView.swift */,
				639178E82B8F99E900CFA60C /* Bundle-Decodable.swift */,
				63F8247D2B8A0B78008DE01F /* UIKit */,
			);
			path = Extensions;
			sourceTree = "<group>";
		};
/* End PBXGroup section */

/* Begin PBXNativeTarget section */
		63F8245B2B89FEE0008DE01F /* ChatApp */ = {
			isa = PBXNativeTarget;
			buildConfigurationList = 63F824702B89FEE3008DE01F /* Build configuration list for PBXNativeTarget "ChatApp" */;
			buildPhases = (
				63F824582B89FEE0008DE01F /* Sources */,
				63F824592B89FEE0008DE01F /* Frameworks */,
				63F8245A2B89FEE0008DE01F /* Resources */,
			);
			buildRules = (
			);
			dependencies = (
			);
			name = ChatApp;
			productName = ChatApp;
			productReference = 63F8245C2B89FEE1008DE01F /* ChatApp.app */;
			productType = "com.apple.product-type.application";
		};
/* End PBXNativeTarget section */

/* Begin PBXProject section */
		63F824542B89FEE0008DE01F /* Project object */ = {
			isa = PBXProject;
			attributes = {
				BuildIndependentTargetsInParallel = 1;
				LastSwiftUpdateCheck = 1520;
				LastUpgradeCheck = 1520;
				TargetAttributes = {
					63F8245B2B89FEE0008DE01F = {
						CreatedOnToolsVersion = 15.2;
					};
				};
			};
			buildConfigurationList = 63F824572B89FEE0008DE01F /* Build configuration list for PBXProject "ChatApp" */;
			compatibilityVersion = "Xcode 14.0";
			developmentRegion = en;
			hasScannedForEncodings = 0;
			knownRegions = (
				en,
				Base,
			);
			mainGroup = 63F824532B89FEE0008DE01F;
			productRefGroup = 63F8245D2B89FEE1008DE01F /* Products */;
			projectDirPath = "";
			projectRoot = "";
			targets = (
				63F8245B2B89FEE0008DE01F /* ChatApp */,
			);
		};
/* End PBXProject section */

/* Begin PBXResourcesBuildPhase section */
		63F8245A2B89FEE0008DE01F /* Resources */ = {
			isa = PBXResourcesBuildPhase;
			buildActionMask = 2147483647;
			files = (
				63F8246C2B89FEE3008DE01F /* LaunchScreen.storyboard in Resources */,
				639178E52B8F998A00CFA60C /* activeChats.json in Resources */,
				63F824692B89FEE3008DE01F /* Assets.xcassets in Resources */,
				639178E72B8F99A000CFA60C /* waitingChats.json in Resources */,
			);
			runOnlyForDeploymentPostprocessing = 0;
		};
/* End PBXResourcesBuildPhase section */

/* Begin PBXSourcesBuildPhase section */
		63F824582B89FEE0008DE01F /* Sources */ = {
			isa = PBXSourcesBuildPhase;
			buildActionMask = 2147483647;
			files = (
				63C980D62B8CAEE10094CD94 /* ListViewController.swift in Sources */,
				63C980CC2B8C86740094CD94 /* OneLineTextField.swift in Sources */,
				63C980DA2B8CAF7E0094CD94 /* MainTabBarController.swift in Sources */,
				63C980CA2B8C83DF0094CD94 /* SignUpViewController.swift in Sources */,
				63F824762B8A0620008DE01F /* UIFont + Extension.swift in Sources */,
				63C980DC2B8CAFB50094CD94 /* PeopleViewController.swift in Sources */,
				63F8247A2B8A08C8008DE01F /* UILabel + extension.swift in Sources */,
				639178E92B8F99E900CFA60C /* Bundle-Decodable.swift in Sources */,
				63C980D02B8C9B440094CD94 /* SetupProfileViewController.swift in Sources */,
				63F824642B89FEE1008DE01F /* AuthViewController.swift in Sources */,
				63F824802B8A0CED008DE01F /* ButtonFormView.swift in Sources */,
				63C980D22B8C9D880094CD94 /* AddPhotoView.swift in Sources */,
				63F824602B89FEE1008DE01F /* AppDelegate.swift in Sources */,
				63F8247C2B8A0987008DE01F /* UIImageView + extension.swift in Sources */,
				63C980D42B8CA3B20094CD94 /* SegmentedControl + extension.swift in Sources */,
				63F824782B8A06CF008DE01F /* UIColor + Extension.swift in Sources */,
				63F824622B89FEE1008DE01F /* SceneDelegate.swift in Sources */,
				63F824742B8A0424008DE01F /* UIButton + Extension.swift in Sources */,
				63C980CE2B8C95A30094CD94 /* LoginViewController.swift in Sources */,
				63F824822B8A10DF008DE01F /* StackView + extension.swift in Sources */,
			);
			runOnlyForDeploymentPostprocessing = 0;
		};
/* End PBXSourcesBuildPhase section */

/* Begin PBXVariantGroup section */
		63F8246A2B89FEE3008DE01F /* LaunchScreen.storyboard */ = {
			isa = PBXVariantGroup;
			children = (
				63F8246B2B89FEE3008DE01F /* Base */,
			);
			name = LaunchScreen.storyboard;
			sourceTree = "<group>";
		};
/* End PBXVariantGroup section */

/* Begin XCBuildConfiguration section */
		63F8246E2B89FEE3008DE01F /* Debug */ = {
			isa = XCBuildConfiguration;
			buildSettings = {
				ALWAYS_SEARCH_USER_PATHS = NO;
				ASSETCATALOG_COMPILER_GENERATE_SWIFT_ASSET_SYMBOL_EXTENSIONS = YES;
				CLANG_ANALYZER_NONNULL = YES;
				CLANG_ANALYZER_NUMBER_OBJECT_CONVERSION = YES_AGGRESSIVE;
				CLANG_CXX_LANGUAGE_STANDARD = "gnu++20";
				CLANG_ENABLE_MODULES = YES;
				CLANG_ENABLE_OBJC_ARC = YES;
				CLANG_ENABLE_OBJC_WEAK = YES;
				CLANG_WARN_BLOCK_CAPTURE_AUTORELEASING = YES;
				CLANG_WARN_BOOL_CONVERSION = YES;
				CLANG_WARN_COMMA = YES;
				CLANG_WARN_CONSTANT_CONVERSION = YES;
				CLANG_WARN_DEPRECATED_OBJC_IMPLEMENTATIONS = YES;
				CLANG_WARN_DIRECT_OBJC_ISA_USAGE = YES_ERROR;
				CLANG_WARN_DOCUMENTATION_COMMENTS = YES;
				CLANG_WARN_EMPTY_BODY = YES;
				CLANG_WARN_ENUM_CONVERSION = YES;
				CLANG_WARN_INFINITE_RECURSION = YES;
				CLANG_WARN_INT_CONVERSION = YES;
				CLANG_WARN_NON_LITERAL_NULL_CONVERSION = YES;
				CLANG_WARN_OBJC_IMPLICIT_RETAIN_SELF = YES;
				CLANG_WARN_OBJC_LITERAL_CONVERSION = YES;
				CLANG_WARN_OBJC_ROOT_CLASS = YES_ERROR;
				CLANG_WARN_QUOTED_INCLUDE_IN_FRAMEWORK_HEADER = YES;
				CLANG_WARN_RANGE_LOOP_ANALYSIS = YES;
				CLANG_WARN_STRICT_PROTOTYPES = YES;
				CLANG_WARN_SUSPICIOUS_MOVE = YES;
				CLANG_WARN_UNGUARDED_AVAILABILITY = YES_AGGRESSIVE;
				CLANG_WARN_UNREACHABLE_CODE = YES;
				CLANG_WARN__DUPLICATE_METHOD_MATCH = YES;
				COPY_PHASE_STRIP = NO;
				DEBUG_INFORMATION_FORMAT = dwarf;
				ENABLE_STRICT_OBJC_MSGSEND = YES;
				ENABLE_TESTABILITY = YES;
				ENABLE_USER_SCRIPT_SANDBOXING = YES;
				GCC_C_LANGUAGE_STANDARD = gnu17;
				GCC_DYNAMIC_NO_PIC = NO;
				GCC_NO_COMMON_BLOCKS = YES;
				GCC_OPTIMIZATION_LEVEL = 0;
				GCC_PREPROCESSOR_DEFINITIONS = (
					"DEBUG=1",
					"$(inherited)",
				);
				GCC_WARN_64_TO_32_BIT_CONVERSION = YES;
				GCC_WARN_ABOUT_RETURN_TYPE = YES_ERROR;
				GCC_WARN_UNDECLARED_SELECTOR = YES;
				GCC_WARN_UNINITIALIZED_AUTOS = YES_AGGRESSIVE;
				GCC_WARN_UNUSED_FUNCTION = YES;
				GCC_WARN_UNUSED_VARIABLE = YES;
				IPHONEOS_DEPLOYMENT_TARGET = 17.2;
				LOCALIZATION_PREFERS_STRING_CATALOGS = YES;
				MTL_ENABLE_DEBUG_INFO = INCLUDE_SOURCE;
				MTL_FAST_MATH = YES;
				ONLY_ACTIVE_ARCH = YES;
				SDKROOT = iphoneos;
				SWIFT_ACTIVE_COMPILATION_CONDITIONS = "DEBUG $(inherited)";
				SWIFT_OPTIMIZATION_LEVEL = "-Onone";
			};
			name = Debug;
		};
		63F8246F2B89FEE3008DE01F /* Release */ = {
			isa = XCBuildConfiguration;
			buildSettings = {
				ALWAYS_SEARCH_USER_PATHS = NO;
				ASSETCATALOG_COMPILER_GENERATE_SWIFT_ASSET_SYMBOL_EXTENSIONS = YES;
				CLANG_ANALYZER_NONNULL = YES;
				CLANG_ANALYZER_NUMBER_OBJECT_CONVERSION = YES_AGGRESSIVE;
				CLANG_CXX_LANGUAGE_STANDARD = "gnu++20";
				CLANG_ENABLE_MODULES = YES;
				CLANG_ENABLE_OBJC_ARC = YES;
				CLANG_ENABLE_OBJC_WEAK = YES;
				CLANG_WARN_BLOCK_CAPTURE_AUTORELEASING = YES;
				CLANG_WARN_BOOL_CONVERSION = YES;
				CLANG_WARN_COMMA = YES;
				CLANG_WARN_CONSTANT_CONVERSION = YES;
				CLANG_WARN_DEPRECATED_OBJC_IMPLEMENTATIONS = YES;
				CLANG_WARN_DIRECT_OBJC_ISA_USAGE = YES_ERROR;
				CLANG_WARN_DOCUMENTATION_COMMENTS = YES;
				CLANG_WARN_EMPTY_BODY = YES;
				CLANG_WARN_ENUM_CONVERSION = YES;
				CLANG_WARN_INFINITE_RECURSION = YES;
				CLANG_WARN_INT_CONVERSION = YES;
				CLANG_WARN_NON_LITERAL_NULL_CONVERSION = YES;
				CLANG_WARN_OBJC_IMPLICIT_RETAIN_SELF = YES;
				CLANG_WARN_OBJC_LITERAL_CONVERSION = YES;
				CLANG_WARN_OBJC_ROOT_CLASS = YES_ERROR;
				CLANG_WARN_QUOTED_INCLUDE_IN_FRAMEWORK_HEADER = YES;
				CLANG_WARN_RANGE_LOOP_ANALYSIS = YES;
				CLANG_WARN_STRICT_PROTOTYPES = YES;
				CLANG_WARN_SUSPICIOUS_MOVE = YES;
				CLANG_WARN_UNGUARDED_AVAILABILITY = YES_AGGRESSIVE;
				CLANG_WARN_UNREACHABLE_CODE = YES;
				CLANG_WARN__DUPLICATE_METHOD_MATCH = YES;
				COPY_PHASE_STRIP = NO;
				DEBUG_INFORMATION_FORMAT = "dwarf-with-dsym";
				ENABLE_NS_ASSERTIONS = NO;
				ENABLE_STRICT_OBJC_MSGSEND = YES;
				ENABLE_USER_SCRIPT_SANDBOXING = YES;
				GCC_C_LANGUAGE_STANDARD = gnu17;
				GCC_NO_COMMON_BLOCKS = YES;
				GCC_WARN_64_TO_32_BIT_CONVERSION = YES;
				GCC_WARN_ABOUT_RETURN_TYPE = YES_ERROR;
				GCC_WARN_UNDECLARED_SELECTOR = YES;
				GCC_WARN_UNINITIALIZED_AUTOS = YES_AGGRESSIVE;
				GCC_WARN_UNUSED_FUNCTION = YES;
				GCC_WARN_UNUSED_VARIABLE = YES;
				IPHONEOS_DEPLOYMENT_TARGET = 17.2;
				LOCALIZATION_PREFERS_STRING_CATALOGS = YES;
				MTL_ENABLE_DEBUG_INFO = NO;
				MTL_FAST_MATH = YES;
				SDKROOT = iphoneos;
				SWIFT_COMPILATION_MODE = wholemodule;
				VALIDATE_PRODUCT = YES;
			};
			name = Release;
		};
		63F824712B89FEE3008DE01F /* Debug */ = {
			isa = XCBuildConfiguration;
			buildSettings = {
				ASSETCATALOG_COMPILER_APPICON_NAME = AppIcon;
				ASSETCATALOG_COMPILER_GLOBAL_ACCENT_COLOR_NAME = AccentColor;
				CODE_SIGN_STYLE = Automatic;
				CURRENT_PROJECT_VERSION = 1;
				DEVELOPMENT_TEAM = JQSUXNGVC5;
				GENERATE_INFOPLIST_FILE = YES;
				INFOPLIST_FILE = ChatApp/Info.plist;
				INFOPLIST_KEY_UIApplicationSupportsIndirectInputEvents = YES;
				INFOPLIST_KEY_UILaunchStoryboardName = LaunchScreen;
				INFOPLIST_KEY_UISupportedInterfaceOrientations = UIInterfaceOrientationPortrait;
				IPHONEOS_DEPLOYMENT_TARGET = 15.0;
				LD_RUNPATH_SEARCH_PATHS = (
					"$(inherited)",
					"@executable_path/Frameworks",
				);
				MARKETING_VERSION = 1.0;
				PRODUCT_BUNDLE_IDENTIFIER = EugeneZabrodski.ChatApp;
				PRODUCT_NAME = "$(TARGET_NAME)";
				SUPPORTED_PLATFORMS = "iphoneos iphonesimulator";
				SUPPORTS_MACCATALYST = NO;
				SUPPORTS_MAC_DESIGNED_FOR_IPHONE_IPAD = NO;
				SUPPORTS_XR_DESIGNED_FOR_IPHONE_IPAD = NO;
				SWIFT_EMIT_LOC_STRINGS = YES;
				SWIFT_VERSION = 5.0;
				TARGETED_DEVICE_FAMILY = "1,2";
			};
			name = Debug;
		};
		63F824722B89FEE3008DE01F /* Release */ = {
			isa = XCBuildConfiguration;
			buildSettings = {
				ASSETCATALOG_COMPILER_APPICON_NAME = AppIcon;
				ASSETCATALOG_COMPILER_GLOBAL_ACCENT_COLOR_NAME = AccentColor;
				CODE_SIGN_STYLE = Automatic;
				CURRENT_PROJECT_VERSION = 1;
				DEVELOPMENT_TEAM = JQSUXNGVC5;
				GENERATE_INFOPLIST_FILE = YES;
				INFOPLIST_FILE = ChatApp/Info.plist;
				INFOPLIST_KEY_UIApplicationSupportsIndirectInputEvents = YES;
				INFOPLIST_KEY_UILaunchStoryboardName = LaunchScreen;
				INFOPLIST_KEY_UISupportedInterfaceOrientations = UIInterfaceOrientationPortrait;
				IPHONEOS_DEPLOYMENT_TARGET = 15.0;
				LD_RUNPATH_SEARCH_PATHS = (
					"$(inherited)",
					"@executable_path/Frameworks",
				);
				MARKETING_VERSION = 1.0;
				PRODUCT_BUNDLE_IDENTIFIER = EugeneZabrodski.ChatApp;
				PRODUCT_NAME = "$(TARGET_NAME)";
				SUPPORTED_PLATFORMS = "iphoneos iphonesimulator";
				SUPPORTS_MACCATALYST = NO;
				SUPPORTS_MAC_DESIGNED_FOR_IPHONE_IPAD = NO;
				SUPPORTS_XR_DESIGNED_FOR_IPHONE_IPAD = NO;
				SWIFT_EMIT_LOC_STRINGS = YES;
				SWIFT_VERSION = 5.0;
				TARGETED_DEVICE_FAMILY = "1,2";
			};
			name = Release;
		};
/* End XCBuildConfiguration section */

/* Begin XCConfigurationList section */
		63F824572B89FEE0008DE01F /* Build configuration list for PBXProject "ChatApp" */ = {
			isa = XCConfigurationList;
			buildConfigurations = (
				63F8246E2B89FEE3008DE01F /* Debug */,
				63F8246F2B89FEE3008DE01F /* Release */,
			);
			defaultConfigurationIsVisible = 0;
			defaultConfigurationName = Release;
		};
		63F824702B89FEE3008DE01F /* Build configuration list for PBXNativeTarget "ChatApp" */ = {
			isa = XCConfigurationList;
			buildConfigurations = (
				63F824712B89FEE3008DE01F /* Debug */,
				63F824722B89FEE3008DE01F /* Release */,
			);
			defaultConfigurationIsVisible = 0;
			defaultConfigurationName = Release;
		};
/* End XCConfigurationList section */
	};
	rootObject = 63F824542B89FEE0008DE01F /* Project object */;
}
